
Microsoft Visual Studio Solution File, Format Version 12.00
# Visual Studio 14
VisualStudioVersion = 14.0.25123.0
MinimumVisualStudioVersion = 10.0.40219.1
Project("{FAE04EC0-301F-11D3-BF4B-00C04F79EFBC}") = "PizzaShop", "PizzaShop\PizzaShop.csproj", "{19F8AD99-BCC1-43F3-81EE-B4E79DA07BF3}"
EndProject
Project("{FAE04EC0-301F-11D3-BF4B-00C04F79EFBC}") = "PizzaShop.Tests", "PizzaShop.Tests\PizzaShop.Tests.csproj", "{24959526-1812-487D-A13E-2D6435DB73EC}"
EndProject
Global
	GlobalSection(SolutionConfigurationPlatforms) = preSolution
		Debug|Any CPU = Debug|Any CPU
		Release|Any CPU = Release|Any CPU
	EndGlobalSection
	GlobalSection(ProjectConfigurationPlatforms) = postSolution
		{19F8AD99-BCC1-43F3-81EE-B4E79DA07BF3}.Debug|Any CPU.ActiveCfg = Debug|Any CPU
		{19F8AD99-BCC1-43F3-81EE-B4E79DA07BF3}.Debug|Any CPU.Build.0 = Debug|Any CPU
		{19F8AD99-BCC1-43F3-81EE-B4E79DA07BF3}.Release|Any CPU.ActiveCfg = Release|Any CPU
		{19F8AD99-BCC1-43F3-81EE-B4E79DA07BF3}.Release|Any CPU.Build.0 = Release|Any CPU
		{24959526-1812-487D-A13E-2D6435DB73EC}.Debug|Any CPU.ActiveCfg = Debug|Any CPU
		{24959526-1812-487D-A13E-2D6435DB73EC}.Debug|Any CPU.Build.0 = Debug|Any CPU
		{24959526-1812-487D-A13E-2D6435DB73EC}.Release|Any CPU.ActiveCfg = Release|Any CPU
		{24959526-1812-487D-A13E-2D6435DB73EC}.Release|Any CPU.Build.0 = Release|Any CPU
	EndGlobalSection
	GlobalSection(SolutionProperties) = preSolution
		HideSolutionNode = FALSE
	EndGlobalSection
EndGlobal
